
Microsoft Visual Studio Solution File, Format Version 12.00
# Visual Studio 15
VisualStudioVersion = 15.0.27130.2024
MinimumVisualStudioVersion = 10.0.40219.1
Project("{FAE04EC0-301F-11D3-BF4B-00C04F79EFBC}") = "Lab2 (integer loops)", "Lab2 (integer loops)\Lab2 (integer loops).csproj", "{B756FFFC-EA8B-4B82-8C47-38092CA5EBBC}"
EndProject
Global
	GlobalSection(SolutionConfigurationPlatforms) = preSolution
		Debug|Any CPU = Debug|Any CPU
		Release|Any CPU = Release|Any CPU
	EndGlobalSection
	GlobalSection(ProjectConfigurationPlatforms) = postSolution
		{B756FFFC-EA8B-4B82-8C47-38092CA5EBBC}.Debug|Any CPU.ActiveCfg = Debug|Any CPU
		{B756FFFC-EA8B-4B82-8C47-38092CA5EBBC}.Debug|Any CPU.Build.0 = Debug|Any CPU
		{B756FFFC-EA8B-4B82-8C47-38092CA5EBBC}.Release|Any CPU.ActiveCfg = Release|Any CPU
		{B756FFFC-EA8B-4B82-8C47-38092CA5EBBC}.Release|Any CPU.Build.0 = Release|Any CPU
	EndGlobalSection
	GlobalSection(SolutionProperties) = preSolution
		HideSolutionNode = FALSE
	EndGlobalSection
	GlobalSection(ExtensibilityGlobals) = postSolution
		SolutionGuid = {06ECAFA4-14C3-45FC-9CA2-39D5178B532A}
	EndGlobalSection
EndGlobal
